// !$*UTF8*$!
{
	archiveVersion = 1;
	classes = {
	};
	objectVersion = 46;
	objects = {

/* Begin PBXBuildFile section */
		D4FC9C51169EC72A007C0C26 /* UIKit.framework in Frameworks */ = {isa = PBXBuildFile; fileRef = D4FC9C50169EC72A007C0C26 /* UIKit.framework */; };
		D4FC9C53169EC72A007C0C26 /* Foundation.framework in Frameworks */ = {isa = PBXBuildFile; fileRef = D4FC9C52169EC72A007C0C26 /* Foundation.framework */; };
		D4FC9C55169EC72A007C0C26 /* CoreGraphics.framework in Frameworks */ = {isa = PBXBuildFile; fileRef = D4FC9C54169EC72A007C0C26 /* CoreGraphics.framework */; };
		D4FC9C5B169EC72A007C0C26 /* InfoPlist.strings in Resources */ = {isa = PBXBuildFile; fileRef = D4FC9C59169EC72A007C0C26 /* InfoPlist.strings */; };
		D4FC9C5D169EC72A007C0C26 /* main.m in Sources */ = {isa = PBXBuildFile; fileRef = D4FC9C5C169EC72A007C0C26 /* main.m */; };
		D4FC9C61169EC72A007C0C26 /* AppDelegate.m in Sources */ = {isa = PBXBuildFile; fileRef = D4FC9C60169EC72A007C0C26 /* AppDelegate.m */; };
		D4FC9C63169EC72A007C0C26 /* Default.png in Resources */ = {isa = PBXBuildFile; fileRef = D4FC9C62169EC72A007C0C26 /* Default.png */; };
		D4FC9C65169EC72A007C0C26 /* Default@2x.png in Resources */ = {isa = PBXBuildFile; fileRef = D4FC9C64169EC72A007C0C26 /* Default@2x.png */; };
		D4FC9C67169EC72A007C0C26 /* Default-568h@2x.png in Resources */ = {isa = PBXBuildFile; fileRef = D4FC9C66169EC72A007C0C26 /* Default-568h@2x.png */; };
		D4FC9C6A169EC72A007C0C26 /* ViewController.m in Sources */ = {isa = PBXBuildFile; fileRef = D4FC9C69169EC72A007C0C26 /* ViewController.m */; };
		D4FC9C6D169EC72A007C0C26 /* ViewController.xib in Resources */ = {isa = PBXBuildFile; fileRef = D4FC9C6B169EC72A007C0C26 /* ViewController.xib */; };
/* End PBXBuildFile section */

/* Begin PBXFileReference section */
		D4FC9C4C169EC72A007C0C26 /* webTest.app */ = {isa = PBXFileReference; explicitFileType = wrapper.application; includeInIndex = 0; path = webTest.app; sourceTree = BUILT_PRODUCTS_DIR; };
		D4FC9C50169EC72A007C0C26 /* UIKit.framework */ = {isa = PBXFileReference; lastKnownFileType = wrapper.framework; name = UIKit.framework; path = System/Library/Frameworks/UIKit.framework; sourceTree = SDKROOT; };
		D4FC9C52169EC72A007C0C26 /* Foundation.framework */ = {isa = PBXFileReference; lastKnownFileType = wrapper.framework; name = Foundation.framework; path = System/Library/Frameworks/Foundation.framework; sourceTree = SDKROOT; };
		D4FC9C54169EC72A007C0C26 /* CoreGraphics.framework */ = {isa = PBXFileReference; lastKnownFileType = wrapper.framework; name = CoreGraphics.framework; path = System/Library/Frameworks/CoreGraphics.framework; sourceTree = SDKROOT; };
		D4FC9C58169EC72A007C0C26 /* webTest-Info.plist */ = {isa = PBXFileReference; lastKnownFileType = text.plist.xml; path = "webTest-Info.plist"; sourceTree = "<group>"; };
		D4FC9C5A169EC72A007C0C26 /* en */ = {isa = PBXFileReference; lastKnownFileType = text.plist.strings; name = en; path = en.lproj/InfoPlist.strings; sourceTree = "<group>"; };
		D4FC9C5C169EC72A007C0C26 /* main.m */ = {isa = PBXFileReference; lastKnownFileType = sourcecode.c.objc; path = main.m; sourceTree = "<group>"; };
		D4FC9C5E169EC72A007C0C26 /* webTest-Prefix.pch */ = {isa = PBXFileReference; lastKnownFileType = sourcecode.c.h; path = "webTest-Prefix.pch"; sourceTree = "<group>"; };
		D4FC9C5F169EC72A007C0C26 /* AppDelegate.h */ = {isa = PBXFileReference; lastKnownFileType = sourcecode.c.h; path = AppDelegate.h; sourceTree = "<group>"; };
		D4FC9C60169EC72A007C0C26 /* AppDelegate.m */ = {isa = PBXFileReference; lastKnownFileType = sourcecode.c.objc; path = AppDelegate.m; sourceTree = "<group>"; };
		D4FC9C62169EC72A007C0C26 /* Default.png */ = {isa = PBXFileReference; lastKnownFileType = image.png; path = Default.png; sourceTree = "<group>"; };
		D4FC9C64169EC72A007C0C26 /* Default@2x.png */ = {isa = PBXFileReference; lastKnownFileType = image.png; path = "Default@2x.png"; sourceTree = "<group>"; };
		D4FC9C66169EC72A007C0C26 /* Default-568h@2x.png */ = {isa = PBXFileReference; lastKnownFileType = image.png; path = "Default-568h@2x.png"; sourceTree = "<group>"; };
		D4FC9C68169EC72A007C0C26 /* ViewController.h */ = {isa = PBXFileReference; lastKnownFileType = sourcecode.c.h; path = ViewController.h; sourceTree = "<group>"; };
		D4FC9C69169EC72A007C0C26 /* ViewController.m */ = {isa = PBXFileReference; lastKnownFileType = sourcecode.c.objc; path = ViewController.m; sourceTree = "<group>"; };
		D4FC9C6C169EC72A007C0C26 /* en */ = {isa = PBXFileReference; lastKnownFileType = file.xib; name = en; path = en.lproj/ViewController.xib; sourceTree = "<group>"; };
/* End PBXFileReference section */

/* Begin PBXFrameworksBuildPhase section */
		D4FC9C49169EC72A007C0C26 /* Frameworks */ = {
			isa = PBXFrameworksBuildPhase;
			buildActionMask = 2147483647;
			files = (
				D4FC9C51169EC72A007C0C26 /* UIKit.framework in Frameworks */,
				D4FC9C53169EC72A007C0C26 /* Foundation.framework in Frameworks */,
				D4FC9C55169EC72A007C0C26 /* CoreGraphics.framework in Frameworks */,
			);
			runOnlyForDeploymentPostprocessing = 0;
		};
/* End PBXFrameworksBuildPhase section */

/* Begin PBXGroup section */
		D4FC9C41169EC72A007C0C26 = {
			isa = PBXGroup;
			children = (
				D4FC9C56169EC72A007C0C26 /* webTest */,
				D4FC9C4F169EC72A007C0C26 /* Frameworks */,
				D4FC9C4D169EC72A007C0C26 /* Products */,
			);
			sourceTree = "<group>";
		};
		D4FC9C4D169EC72A007C0C26 /* Products */ = {
			isa = PBXGroup;
			children = (
				D4FC9C4C169EC72A007C0C26 /* webTest.app */,
			);
			name = Products;
			sourceTree = "<group>";
		};
		D4FC9C4F169EC72A007C0C26 /* Frameworks */ = {
			isa = PBXGroup;
			children = (
				D4FC9C50169EC72A007C0C26 /* UIKit.framework */,
				D4FC9C52169EC72A007C0C26 /* Foundation.framework */,
				D4FC9C54169EC72A007C0C26 /* CoreGraphics.framework */,
			);
			name = Frameworks;
			sourceTree = "<group>";
		};
		D4FC9C56169EC72A007C0C26 /* webTest */ = {
			isa = PBXGroup;
			children = (
				D4FC9C5F169EC72A007C0C26 /* AppDelegate.h */,
				D4FC9C60169EC72A007C0C26 /* AppDelegate.m */,
				D4FC9C68169EC72A007C0C26 /* ViewController.h */,
				D4FC9C69169EC72A007C0C26 /* ViewController.m */,
				D4FC9C6B169EC72A007C0C26 /* ViewController.xib */,
				D4FC9C57169EC72A007C0C26 /* Supporting Files */,
			);
			path = webTest;
			sourceTree = "<group>";
		};
		D4FC9C57169EC72A007C0C26 /* Supporting Files */ = {
			isa = PBXGroup;
			children = (
				D4FC9C58169EC72A007C0C26 /* webTest-Info.plist */,
				D4FC9C59169EC72A007C0C26 /* InfoPlist.strings */,
				D4FC9C5C169EC72A007C0C26 /* main.m */,
				D4FC9C5E169EC72A007C0C26 /* webTest-Prefix.pch */,
				D4FC9C62169EC72A007C0C26 /* Default.png */,
				D4FC9C64169EC72A007C0C26 /* Default@2x.png */,
				D4FC9C66169EC72A007C0C26 /* Default-568h@2x.png */,
			);
			name = "Supporting Files";
			sourceTree = "<group>";
		};
/* End PBXGroup section */

/* Begin PBXNativeTarget section */
		D4FC9C4B169EC72A007C0C26 /* webTest */ = {
			isa = PBXNativeTarget;
			buildConfigurationList = D4FC9C70169EC72A007C0C26 /* Build configuration list for PBXNativeTarget "webTest" */;
			buildPhases = (
				D4FC9C48169EC72A007C0C26 /* Sources */,
				D4FC9C49169EC72A007C0C26 /* Frameworks */,
				D4FC9C4A169EC72A007C0C26 /* Resources */,
			);
			buildRules = (
			);
			dependencies = (
			);
			name = webTest;
			productName = webTest;
			productReference = D4FC9C4C169EC72A007C0C26 /* webTest.app */;
			productType = "com.apple.product-type.application";
		};
/* End PBXNativeTarget section */

/* Begin PBXProject section */
		D4FC9C43169EC72A007C0C26 /* Project object */ = {
			isa = PBXProject;
			attributes = {
				LastUpgradeCheck = 0450;
				ORGANIZATIONNAME = yinaiguo;
			};
			buildConfigurationList = D4FC9C46169EC72A007C0C26 /* Build configuration list for PBXProject "webTest" */;
			compatibilityVersion = "Xcode 3.2";
			developmentRegion = English;
			hasScannedForEncodings = 0;
			knownRegions = (
				en,
			);
			mainGroup = D4FC9C41169EC72A007C0C26;
			productRefGroup = D4FC9C4D169EC72A007C0C26 /* Products */;
			projectDirPath = "";
			projectRoot = "";
			targets = (
				D4FC9C4B169EC72A007C0C26 /* webTest */,
			);
		};
/* End PBXProject section */

/* Begin PBXResourcesBuildPhase section */
		D4FC9C4A169EC72A007C0C26 /* Resources */ = {
			isa = PBXResourcesBuildPhase;
			buildActionMask = 2147483647;
			files = (
				D4FC9C5B169EC72A007C0C26 /* InfoPlist.strings in Resources */,
				D4FC9C63169EC72A007C0C26 /* Default.png in Resources */,
				D4FC9C65169EC72A007C0C26 /* Default@2x.png in Resources */,
				D4FC9C67169EC72A007C0C26 /* Default-568h@2x.png in Resources */,
				D4FC9C6D169EC72A007C0C26 /* ViewController.xib in Resources */,
			);
			runOnlyForDeploymentPostprocessing = 0;
		};
/* End PBXResourcesBuildPhase section */

/* Begin PBXSourcesBuildPhase section */
		D4FC9C48169EC72A007C0C26 /* Sources */ = {
			isa = PBXSourcesBuildPhase;
			buildActionMask = 2147483647;
			files = (
				D4FC9C5D169EC72A007C0C26 /* main.m in Sources */,
				D4FC9C61169EC72A007C0C26 /* AppDelegate.m in Sources */,
				D4FC9C6A169EC72A007C0C26 /* ViewController.m in Sources */,
			);
			runOnlyForDeploymentPostprocessing = 0;
		};
/* End PBXSourcesBuildPhase section */

/* Begin PBXVariantGroup section */
		D4FC9C59169EC72A007C0C26 /* InfoPlist.strings */ = {
			isa = PBXVariantGroup;
			children = (
				D4FC9C5A169EC72A007C0C26 /* en */,
			);
			name = InfoPlist.strings;
			sourceTree = "<group>";
		};
		D4FC9C6B169EC72A007C0C26 /* ViewController.xib */ = {
			isa = PBXVariantGroup;
			children = (
				D4FC9C6C169EC72A007C0C26 /* en */,
			);
			name = ViewController.xib;
			sourceTree = "<group>";
		};
/* End PBXVariantGroup section */

/* Begin XCBuildConfiguration section */
		D4FC9C6E169EC72A007C0C26 /* Debug */ = {
			isa = XCBuildConfiguration;
			buildSettings = {
				ALWAYS_SEARCH_USER_PATHS = NO;
				CLANG_CXX_LANGUAGE_STANDARD = "gnu++0x";
				CLANG_CXX_LIBRARY = "libc++";
				CLANG_WARN_EMPTY_BODY = YES;
				CLANG_WARN__DUPLICATE_METHOD_MATCH = YES;
				"CODE_SIGN_IDENTITY[sdk=iphoneos*]" = "iPhone Developer";
				COPY_PHASE_STRIP = NO;
				GCC_C_LANGUAGE_STANDARD = gnu99;
				GCC_DYNAMIC_NO_PIC = NO;
				GCC_OPTIMIZATION_LEVEL = 0;
				GCC_PREPROCESSOR_DEFINITIONS = (
					"DEBUG=1",
					"$(inherited)",
				);
				GCC_SYMBOLS_PRIVATE_EXTERN = NO;
				GCC_WARN_ABOUT_RETURN_TYPE = YES;
				GCC_WARN_UNINITIALIZED_AUTOS = YES;
				GCC_WARN_UNUSED_VARIABLE = YES;
				IPHONEOS_DEPLOYMENT_TARGET = 6.0;
				ONLY_ACTIVE_ARCH = YES;
				SDKROOT = iphoneos;
			};
			name = Debug;
		};
		D4FC9C6F169EC72A007C0C26 /* Release */ = {
			isa = XCBuildConfiguration;
			buildSettings = {
				ALWAYS_SEARCH_USER_PATHS = NO;
				CLANG_CXX_LANGUAGE_STANDARD = "gnu++0x";
				CLANG_CXX_LIBRARY = "libc++";
				CLANG_WARN_EMPTY_BODY = YES;
				CLANG_WARN__DUPLICATE_METHOD_MATCH = YES;
				"CODE_SIGN_IDENTITY[sdk=iphoneos*]" = "iPhone Developer";
				COPY_PHASE_STRIP = YES;
				GCC_C_LANGUAGE_STANDARD = gnu99;
				GCC_WARN_ABOUT_RETURN_TYPE = YES;
				GCC_WARN_UNINITIALIZED_AUTOS = YES;
				GCC_WARN_UNUSED_VARIABLE = YES;
				IPHONEOS_DEPLOYMENT_TARGET = 6.0;
				OTHER_CFLAGS = "-DNS_BLOCK_ASSERTIONS=1";
				SDKROOT = iphoneos;
				VALIDATE_PRODUCT = YES;
			};
			name = Release;
		};
		D4FC9C71169EC72A007C0C26 /* Debug */ = {
			isa = XCBuildConfiguration;
			buildSettings = {
				GCC_PRECOMPILE_PREFIX_HEADER = YES;
				GCC_PREFIX_HEADER = "webTest/webTest-Prefix.pch";
				INFOPLIST_FILE = "webTest/webTest-Info.plist";
				IPHONEOS_DEPLOYMENT_TARGET = 4.3;
				PRODUCT_NAME = "$(TARGET_NAME)";
				WRAPPER_EXTENSION = app;
			};
			name = Debug;
		};
		D4FC9C72169EC72A007C0C26 /* Release */ = {
			isa = XCBuildConfiguration;
			buildSettings = {
				GCC_PRECOMPILE_PREFIX_HEADER = YES;
				GCC_PREFIX_HEADER = "webTest/webTest-Prefix.pch";
				INFOPLIST_FILE = "webTest/webTest-Info.plist";
				IPHONEOS_DEPLOYMENT_TARGET = 4.3;
				PRODUCT_NAME = "$(TARGET_NAME)";
				WRAPPER_EXTENSION = app;
			};
			name = Release;
		};
/* End XCBuildConfiguration section */

/* Begin XCConfigurationList section */
		D4FC9C46169EC72A007C0C26 /* Build configuration list for PBXProject "webTest" */ = {
			isa = XCConfigurationList;
			buildConfigurations = (
				D4FC9C6E169EC72A007C0C26 /* Debug */,
				D4FC9C6F169EC72A007C0C26 /* Release */,
			);
			defaultConfigurationIsVisible = 0;
			defaultConfigurationName = Release;
		};
		D4FC9C70169EC72A007C0C26 /* Build configuration list for PBXNativeTarget "webTest" */ = {
			isa = XCConfigurationList;
			buildConfigurations = (
				D4FC9C71169EC72A007C0C26 /* Debug */,
				D4FC9C72169EC72A007C0C26 /* Release */,
			);
			defaultConfigurationIsVisible = 0;
		};
/* End XCConfigurationList section */
	};
	rootObject = D4FC9C43169EC72A007C0C26 /* Project object */;
}
